Microsoft Visual Studio Solution File, Format Version 12.00
# Visual Studio Version 17
VisualStudioVersion = 17.5.2.0
MinimumVisualStudioVersion = 10.0.40219.1
Project("{FAE04EC0-301F-11D3-BF4B-00C04F79EFBC}") = "RestaurantReviewSystem", "RestaurantReviewSystem.csproj", "{45822214-78C2-73C9-97B0-11306CEED314}"
EndProject
Global
	GlobalSection(SolutionConfigurationPlatforms) = preSolution
		Debug|Any CPU = Debug|Any CPU
		Release|Any CPU = Release|Any CPU
	EndGlobalSection
	GlobalSection(ProjectConfigurationPlatforms) = postSolution
		{45822214-78C2-73C9-97B0-11306CEED314}.Debug|Any CPU.ActiveCfg = Debug|Any CPU
		{45822214-78C2-73C9-97B0-11306CEED314}.Debug|Any CPU.Build.0 = Debug|Any CPU
		{45822214-78C2-73C9-97B0-11306CEED314}.Release|Any CPU.ActiveCfg = Release|Any CPU
		{45822214-78C2-73C9-97B0-11306CEED314}.Release|Any CPU.Build.0 = Release|Any CPU
	EndGlobalSection
	GlobalSection(SolutionProperties) = preSolution
		HideSolutionNode = FALSE
	EndGlobalSection
	GlobalSection(ExtensibilityGlobals) = postSolution
		SolutionGuid = {E5DA9CBB-6A1B-4FB7-9D21-0A8B45DFFFEF}
	EndGlobalSection
EndGlobal
